{
  "name": "hitc-netsuite-mass-emailer",
  "version": "3.0.0",
  "lockfileVersion": 2,
  "requires": true,
  "packages": {
    "": {
      "name": "hitc-netsuite-mass-emailer",
      "version": "3.0.0",
      "devDependencies": {
        "@hitc/netsuite-types": "^2024.2.5",
        "typescript": "^5.6.3"
      }
    },
    "node_modules/@hitc/netsuite-types": {
      "version": "2024.2.5",
      "resolved": "https://registry.npmjs.org/@hitc/netsuite-types/-/netsuite-types-2024.2.5.tgz",
      "integrity": "sha512-Kyhucp6k9lk1w2tWHIPuSfteJqoclcbRhLO/tiRC6kbjcm7toZmlQrrrefp3SjnaBwI56xhbDX8aFmmwESxAnw==",
      "dev": true,
      "license": "MIT"
    },
    "node_modules/typescript": {
      "version": "5.6.3",
      "resolved": "https://registry.npmjs.org/typescript/-/typescript-5.6.3.tgz",
      "integrity": "sha512-hjcS1mhfuyi4WW8IWtjP7brDrG2cuDZukyrYrSauoXGNgx0S7zceP07adYkJycEr56BOUTNPzbInooiN3fn1qw==",
      "dev": true,
      "license": "Apache-2.0",
      "bin": {
        "tsc": "bin/tsc",
        "tsserver": "bin/tsserver"
      },
      "engines": {
        "node": ">=14.17"
      }
    }
  },
  "dependencies": {
    "@hitc/netsuite-types": {
      "version": "2024.2.5",
      "resolved": "https://registry.npmjs.org/@hitc/netsuite-types/-/netsuite-types-2024.2.5.tgz",
      "integrity": "sha512-Kyhucp6k9lk1w2tWHIPuSfteJqoclcbRhLO/tiRC6kbjcm7toZmlQrrrefp3SjnaBwI56xhbDX8aFmmwESxAnw==",
      "dev": true
    },
    "typescript": {
      "version": "5.6.3",
      "resolved": "https://registry.npmjs.org/typescript/-/typescript-5.6.3.tgz",
      "integrity": "sha512-hjcS1mhfuyi4WW8IWtjP7brDrG2cuDZukyrYrSauoXGNgx0S7zceP07adYkJycEr56BOUTNPzbInooiN3fn1qw==",
      "dev": true
    }
  }
}
